
Microsoft Visual Studio Solution File, Format Version 12.00
# Visual Studio 14
VisualStudioVersion = 14.0.25420.1
MinimumVisualStudioVersion = 10.0.40219.1
Project("{2150E333-8FDC-42A3-9474-1A3956D46DE8}") = "Web", "Web", "{A5C37ECF-1084-4E86-804D-F40FFEC956BF}"
EndProject
Project("{FAE04EC0-301F-11D3-BF4B-00C04F79EFBC}") = "Example.Web", "Example.Web\Example.Web.csproj", "{A92143CA-65E9-4DB1-B1A6-A05AF9F5B79B}"
EndProject
Project("{2150E333-8FDC-42A3-9474-1A3956D46DE8}") = "Domain", "Domain", "{6BE33907-13CF-4162-9467-81EDF63C230A}"
EndProject
Project("{2150E333-8FDC-42A3-9474-1A3956D46DE8}") = "Infra", "Infra", "{7FB3D38C-8E87-40ED-B395-5FFE1E223729}"
EndProject
Project("{FAE04EC0-301F-11D3-BF4B-00C04F79EFBC}") = "Example.Domain", "Example.Domain\Example.Domain.csproj", "{26B83C86-F267-42DB-A8B8-38BA5B00B230}"
EndProject
Project("{FAE04EC0-301F-11D3-BF4B-00C04F79EFBC}") = "Example.DomainServices", "Example.DomainServices\Example.DomainServices.csproj", "{312E8182-301B-4663-A935-041F9DF943DE}"
EndProject
Project("{2150E333-8FDC-42A3-9474-1A3956D46DE8}") = "Data", "Data", "{E739FA87-3130-40F9-B20D-B66AE9DC1D6D}"
EndProject
Project("{2150E333-8FDC-42A3-9474-1A3956D46DE8}") = "IoC", "IoC", "{A6780C6D-127C-4366-941F-675E96B4CBCB}"
EndProject
Project("{FAE04EC0-301F-11D3-BF4B-00C04F79EFBC}") = "Example.Infra.Data", "Example.Infra.Data\Example.Infra.Data.csproj", "{9EA94858-C469-4F89-B917-86CAB9B2E91A}"
EndProject
Project("{FAE04EC0-301F-11D3-BF4B-00C04F79EFBC}") = "Example.Infra.IoC", "Example.Infra.IoC\Example.Infra.IoC.csproj", "{7A35FAE6-ED41-40D4-9DB6-959D67164429}"
EndProject
Project("{2150E333-8FDC-42A3-9474-1A3956D46DE8}") = "Shared", "Shared", "{87838083-DE3B-4172-A149-DEDE7D2CD8B9}"
EndProject
Project("{2150E333-8FDC-42A3-9474-1A3956D46DE8}") = "Domain", "Domain", "{D93C866F-2885-4341-AF1D-DE8BFD51C0F2}"
EndProject
Project("{2150E333-8FDC-42A3-9474-1A3956D46DE8}") = "Data", "Data", "{E8FA4795-E272-4584-A25C-326937BAEE05}"
EndProject
Project("{FAE04EC0-301F-11D3-BF4B-00C04F79EFBC}") = "Example.Shared.DomainServices", "Example.Shared.DomainServices\Example.Shared.DomainServices.csproj", "{D9FB0923-E15C-4407-90E4-59C35C02980F}"
EndProject
Project("{FAE04EC0-301F-11D3-BF4B-00C04F79EFBC}") = "Example.Shared.Data.Repository", "Example.Shared.Data.Repository\Example.Shared.Data.Repository.csproj", "{1BC3F4C5-8423-43EB-8272-364A0B79B808}"
EndProject
Global
	GlobalSection(SolutionConfigurationPlatforms) = preSolution
		Debug|Any CPU = Debug|Any CPU
		Release|Any CPU = Release|Any CPU
	EndGlobalSection
	GlobalSection(ProjectConfigurationPlatforms) = postSolution
		{A92143CA-65E9-4DB1-B1A6-A05AF9F5B79B}.Debug|Any CPU.ActiveCfg = Debug|Any CPU
		{A92143CA-65E9-4DB1-B1A6-A05AF9F5B79B}.Debug|Any CPU.Build.0 = Debug|Any CPU
		{A92143CA-65E9-4DB1-B1A6-A05AF9F5B79B}.Release|Any CPU.ActiveCfg = Release|Any CPU
		{A92143CA-65E9-4DB1-B1A6-A05AF9F5B79B}.Release|Any CPU.Build.0 = Release|Any CPU
		{26B83C86-F267-42DB-A8B8-38BA5B00B230}.Debug|Any CPU.ActiveCfg = Debug|Any CPU
		{26B83C86-F267-42DB-A8B8-38BA5B00B230}.Debug|Any CPU.Build.0 = Debug|Any CPU
		{26B83C86-F267-42DB-A8B8-38BA5B00B230}.Release|Any CPU.ActiveCfg = Release|Any CPU
		{26B83C86-F267-42DB-A8B8-38BA5B00B230}.Release|Any CPU.Build.0 = Release|Any CPU
		{312E8182-301B-4663-A935-041F9DF943DE}.Debug|Any CPU.ActiveCfg = Debug|Any CPU
		{312E8182-301B-4663-A935-041F9DF943DE}.Debug|Any CPU.Build.0 = Debug|Any CPU
		{312E8182-301B-4663-A935-041F9DF943DE}.Release|Any CPU.ActiveCfg = Release|Any CPU
		{312E8182-301B-4663-A935-041F9DF943DE}.Release|Any CPU.Build.0 = Release|Any CPU
		{9EA94858-C469-4F89-B917-86CAB9B2E91A}.Debug|Any CPU.ActiveCfg = Debug|Any CPU
		{9EA94858-C469-4F89-B917-86CAB9B2E91A}.Debug|Any CPU.Build.0 = Debug|Any CPU
		{9EA94858-C469-4F89-B917-86CAB9B2E91A}.Release|Any CPU.ActiveCfg = Release|Any CPU
		{9EA94858-C469-4F89-B917-86CAB9B2E91A}.Release|Any CPU.Build.0 = Release|Any CPU
		{7A35FAE6-ED41-40D4-9DB6-959D67164429}.Debug|Any CPU.ActiveCfg = Debug|Any CPU
		{7A35FAE6-ED41-40D4-9DB6-959D67164429}.Debug|Any CPU.Build.0 = Debug|Any CPU
		{7A35FAE6-ED41-40D4-9DB6-959D67164429}.Release|Any CPU.ActiveCfg = Release|Any CPU
		{7A35FAE6-ED41-40D4-9DB6-959D67164429}.Release|Any CPU.Build.0 = Release|Any CPU
		{D9FB0923-E15C-4407-90E4-59C35C02980F}.Debug|Any CPU.ActiveCfg = Debug|Any CPU
		{D9FB0923-E15C-4407-90E4-59C35C02980F}.Debug|Any CPU.Build.0 = Debug|Any CPU
		{D9FB0923-E15C-4407-90E4-59C35C02980F}.Release|Any CPU.ActiveCfg = Release|Any CPU
		{D9FB0923-E15C-4407-90E4-59C35C02980F}.Release|Any CPU.Build.0 = Release|Any CPU
		{1BC3F4C5-8423-43EB-8272-364A0B79B808}.Debug|Any CPU.ActiveCfg = Debug|Any CPU
		{1BC3F4C5-8423-43EB-8272-364A0B79B808}.Debug|Any CPU.Build.0 = Debug|Any CPU
		{1BC3F4C5-8423-43EB-8272-364A0B79B808}.Release|Any CPU.ActiveCfg = Release|Any CPU
		{1BC3F4C5-8423-43EB-8272-364A0B79B808}.Release|Any CPU.Build.0 = Release|Any CPU
	EndGlobalSection
	GlobalSection(SolutionProperties) = preSolution
		HideSolutionNode = FALSE
	EndGlobalSection
	GlobalSection(NestedProjects) = preSolution
		{A92143CA-65E9-4DB1-B1A6-A05AF9F5B79B} = {A5C37ECF-1084-4E86-804D-F40FFEC956BF}
		{26B83C86-F267-42DB-A8B8-38BA5B00B230} = {6BE33907-13CF-4162-9467-81EDF63C230A}
		{312E8182-301B-4663-A935-041F9DF943DE} = {6BE33907-13CF-4162-9467-81EDF63C230A}
		{E739FA87-3130-40F9-B20D-B66AE9DC1D6D} = {7FB3D38C-8E87-40ED-B395-5FFE1E223729}
		{A6780C6D-127C-4366-941F-675E96B4CBCB} = {7FB3D38C-8E87-40ED-B395-5FFE1E223729}
		{9EA94858-C469-4F89-B917-86CAB9B2E91A} = {E739FA87-3130-40F9-B20D-B66AE9DC1D6D}
		{7A35FAE6-ED41-40D4-9DB6-959D67164429} = {A6780C6D-127C-4366-941F-675E96B4CBCB}
		{D93C866F-2885-4341-AF1D-DE8BFD51C0F2} = {87838083-DE3B-4172-A149-DEDE7D2CD8B9}
		{E8FA4795-E272-4584-A25C-326937BAEE05} = {87838083-DE3B-4172-A149-DEDE7D2CD8B9}
		{D9FB0923-E15C-4407-90E4-59C35C02980F} = {D93C866F-2885-4341-AF1D-DE8BFD51C0F2}
		{1BC3F4C5-8423-43EB-8272-364A0B79B808} = {E8FA4795-E272-4584-A25C-326937BAEE05}
	EndGlobalSection
EndGlobal
